
Microsoft Visual Studio Solution File, Format Version 12.00
# Visual Studio Version 17
VisualStudioVersion = 17.3.32811.315
MinimumVisualStudioVersion = 10.0.40219.1
Project("{9A19103F-16F7-4668-BE54-9A1E7A4F7556}") = "prjDay1", "prjDay1\prjDay1.csproj", "{BD420AC1-7C1B-4ABB-9253-697BC9B3B067}"
EndProject
Project("{FAE04EC0-301F-11D3-BF4B-00C04F79EFBC}") = "EmployeeManagementDALibrary", "EmployeeManagementDALibrary\EmployeeManagementDALibrary.csproj", "{38F2B987-9075-4022-BAF6-D4AE412C24C1}"
EndProject
Project("{FAE04EC0-301F-11D3-BF4B-00C04F79EFBC}") = "prjUserManagementConsoleApp", "prjUserManagementConsoleApp\prjUserManagementConsoleApp.csproj", "{2748416F-2F53-4A0B-8943-A8B2B6AFFD08}"
EndProject
Project("{FAE04EC0-301F-11D3-BF4B-00C04F79EFBC}") = "prjEmployeeManagementMVCApp", "prjEmployeeManagementMVCApp\prjEmployeeManagementMVCApp.csproj", "{00BE9AD2-731D-4D20-B0F1-680124449B07}"
EndProject
Global
	GlobalSection(SolutionConfigurationPlatforms) = preSolution
		Debug|Any CPU = Debug|Any CPU
		Release|Any CPU = Release|Any CPU
	EndGlobalSection
	GlobalSection(ProjectConfigurationPlatforms) = postSolution
		{BD420AC1-7C1B-4ABB-9253-697BC9B3B067}.Debug|Any CPU.ActiveCfg = Debug|Any CPU
		{BD420AC1-7C1B-4ABB-9253-697BC9B3B067}.Debug|Any CPU.Build.0 = Debug|Any CPU
		{BD420AC1-7C1B-4ABB-9253-697BC9B3B067}.Release|Any CPU.ActiveCfg = Release|Any CPU
		{BD420AC1-7C1B-4ABB-9253-697BC9B3B067}.Release|Any CPU.Build.0 = Release|Any CPU
		{38F2B987-9075-4022-BAF6-D4AE412C24C1}.Debug|Any CPU.ActiveCfg = Debug|Any CPU
		{38F2B987-9075-4022-BAF6-D4AE412C24C1}.Debug|Any CPU.Build.0 = Debug|Any CPU
		{38F2B987-9075-4022-BAF6-D4AE412C24C1}.Release|Any CPU.ActiveCfg = Release|Any CPU
		{38F2B987-9075-4022-BAF6-D4AE412C24C1}.Release|Any CPU.Build.0 = Release|Any CPU
		{2748416F-2F53-4A0B-8943-A8B2B6AFFD08}.Debug|Any CPU.ActiveCfg = Debug|Any CPU
		{2748416F-2F53-4A0B-8943-A8B2B6AFFD08}.Debug|Any CPU.Build.0 = Debug|Any CPU
		{2748416F-2F53-4A0B-8943-A8B2B6AFFD08}.Release|Any CPU.ActiveCfg = Release|Any CPU
		{2748416F-2F53-4A0B-8943-A8B2B6AFFD08}.Release|Any CPU.Build.0 = Release|Any CPU
		{00BE9AD2-731D-4D20-B0F1-680124449B07}.Debug|Any CPU.ActiveCfg = Debug|Any CPU
		{00BE9AD2-731D-4D20-B0F1-680124449B07}.Debug|Any CPU.Build.0 = Debug|Any CPU
		{00BE9AD2-731D-4D20-B0F1-680124449B07}.Release|Any CPU.ActiveCfg = Release|Any CPU
		{00BE9AD2-731D-4D20-B0F1-680124449B07}.Release|Any CPU.Build.0 = Release|Any CPU
	EndGlobalSection
	GlobalSection(SolutionProperties) = preSolution
		HideSolutionNode = FALSE
	EndGlobalSection
	GlobalSection(ExtensibilityGlobals) = postSolution
		SolutionGuid = {77D795D0-BF4B-4A31-9AC2-3BD67DC422F8}
	EndGlobalSection
EndGlobal
